// !$*UTF8*$!
{
	archiveVersion = 1;
	classes = {
	};
	objectVersion = 55;
	objects = {

/* Begin PBXBuildFile section */
		3490FC2B282EAC87007A8CAC /* TOTPListItemView.swift in Sources */ = {isa = PBXBuildFile; fileRef = 3490FC2A282EAC87007A8CAC /* TOTPListItemView.swift */; };
		3490FC2D282EAFA5007A8CAC /* TOTPCounterView.swift in Sources */ = {isa = PBXBuildFile; fileRef = 3490FC2C282EAFA5007A8CAC /* TOTPCounterView.swift */; };
		3490FC2F282EEC2C007A8CAC /* TOTPDetailsView.swift in Sources */ = {isa = PBXBuildFile; fileRef = 3490FC2E282EEC2C007A8CAC /* TOTPDetailsView.swift */; };
		34AA0AEC28215CF600F9F3D7 /* ColorExtensions.swift in Sources */ = {isa = PBXBuildFile; fileRef = 34AA0AEB28215CF600F9F3D7 /* ColorExtensions.swift */; };
		34BD993727BBB09600870068 /* Assets.xcassets in Resources */ = {isa = PBXBuildFile; fileRef = 34BD993627BBB09600870068 /* Assets.xcassets */; };
		34BD993A27BBB09600870068 /* Preview Assets.xcassets in Resources */ = {isa = PBXBuildFile; fileRef = 34BD993927BBB09600870068 /* Preview Assets.xcassets */; };
		34BD994627BBB0C800870068 /* AutherioApp.swift in Sources */ = {isa = PBXBuildFile; fileRef = 34BD994527BBB0C800870068 /* AutherioApp.swift */; };
		34BD994827BBB0D800870068 /* TOTP.swift in Sources */ = {isa = PBXBuildFile; fileRef = 34BD994727BBB0D800870068 /* TOTP.swift */; };
		34BD994B27BBB0E000870068 /* QRCoder.swift in Sources */ = {isa = PBXBuildFile; fileRef = 34BD994927BBB0E000870068 /* QRCoder.swift */; };
		34BD994C27BBB0E000870068 /* Base32.swift in Sources */ = {isa = PBXBuildFile; fileRef = 34BD994A27BBB0E000870068 /* Base32.swift */; };
		34BD994E27BBB0E900870068 /* TOTPListViewModel.swift in Sources */ = {isa = PBXBuildFile; fileRef = 34BD994D27BBB0E900870068 /* TOTPListViewModel.swift */; };
		34BD995327BBB0F200870068 /* TOTPView.swift in Sources */ = {isa = PBXBuildFile; fileRef = 34BD994F27BBB0F200870068 /* TOTPView.swift */; };
		34BD995427BBB0F200870068 /* ContentView.swift in Sources */ = {isa = PBXBuildFile; fileRef = 34BD995027BBB0F200870068 /* ContentView.swift */; };
		34BD995527BBB0F200870068 /* CodeScannerView.swift in Sources */ = {isa = PBXBuildFile; fileRef = 34BD995127BBB0F200870068 /* CodeScannerView.swift */; };
		34BD995627BBB0F200870068 /* TOTPListView.swift in Sources */ = {isa = PBXBuildFile; fileRef = 34BD995227BBB0F200870068 /* TOTPListView.swift */; };
		34BD995927BBB2E500870068 /* URLExtensions.swift in Sources */ = {isa = PBXBuildFile; fileRef = 34BD995827BBB2E500870068 /* URLExtensions.swift */; };
		34BD995B27BBC96D00870068 /* CreateTOTPView.swift in Sources */ = {isa = PBXBuildFile; fileRef = 34BD995A27BBC96D00870068 /* CreateTOTPView.swift */; };
/* End PBXBuildFile section */

/* Begin PBXFileReference section */
		3490FC2A282EAC87007A8CAC /* TOTPListItemView.swift */ = {isa = PBXFileReference; lastKnownFileType = sourcecode.swift; path = TOTPListItemView.swift; sourceTree = "<group>"; };
		3490FC2C282EAFA5007A8CAC /* TOTPCounterView.swift */ = {isa = PBXFileReference; lastKnownFileType = sourcecode.swift; path = TOTPCounterView.swift; sourceTree = "<group>"; };
		3490FC2E282EEC2C007A8CAC /* TOTPDetailsView.swift */ = {isa = PBXFileReference; lastKnownFileType = sourcecode.swift; path = TOTPDetailsView.swift; sourceTree = "<group>"; };
		34AA0AEB28215CF600F9F3D7 /* ColorExtensions.swift */ = {isa = PBXFileReference; lastKnownFileType = sourcecode.swift; path = ColorExtensions.swift; sourceTree = "<group>"; };
		34BD992F27BBB09400870068 /* Autherio.app */ = {isa = PBXFileReference; explicitFileType = wrapper.application; includeInIndex = 0; path = Autherio.app; sourceTree = BUILT_PRODUCTS_DIR; };
		34BD993627BBB09600870068 /* Assets.xcassets */ = {isa = PBXFileReference; lastKnownFileType = folder.assetcatalog; path = Assets.xcassets; sourceTree = "<group>"; };
		34BD993927BBB09600870068 /* Preview Assets.xcassets */ = {isa = PBXFileReference; lastKnownFileType = folder.assetcatalog; path = "Preview Assets.xcassets"; sourceTree = "<group>"; };
		34BD994527BBB0C800870068 /* AutherioApp.swift */ = {isa = PBXFileReference; fileEncoding = 4; lastKnownFileType = sourcecode.swift; path = AutherioApp.swift; sourceTree = "<group>"; };
		34BD994727BBB0D800870068 /* TOTP.swift */ = {isa = PBXFileReference; fileEncoding = 4; lastKnownFileType = sourcecode.swift; path = TOTP.swift; sourceTree = "<group>"; };
		34BD994927BBB0E000870068 /* QRCoder.swift */ = {isa = PBXFileReference; fileEncoding = 4; lastKnownFileType = sourcecode.swift; path = QRCoder.swift; sourceTree = "<group>"; };
		34BD994A27BBB0E000870068 /* Base32.swift */ = {isa = PBXFileReference; fileEncoding = 4; lastKnownFileType = sourcecode.swift; path = Base32.swift; sourceTree = "<group>"; };
		34BD994D27BBB0E900870068 /* TOTPListViewModel.swift */ = {isa = PBXFileReference; fileEncoding = 4; lastKnownFileType = sourcecode.swift; path = TOTPListViewModel.swift; sourceTree = "<group>"; };
		34BD994F27BBB0F200870068 /* TOTPView.swift */ = {isa = PBXFileReference; fileEncoding = 4; lastKnownFileType = sourcecode.swift; path = TOTPView.swift; sourceTree = "<group>"; };
		34BD995027BBB0F200870068 /* ContentView.swift */ = {isa = PBXFileReference; fileEncoding = 4; lastKnownFileType = sourcecode.swift; path = ContentView.swift; sourceTree = "<group>"; };
		34BD995127BBB0F200870068 /* CodeScannerView.swift */ = {isa = PBXFileReference; fileEncoding = 4; lastKnownFileType = sourcecode.swift; path = CodeScannerView.swift; sourceTree = "<group>"; };
		34BD995227BBB0F200870068 /* TOTPListView.swift */ = {isa = PBXFileReference; fileEncoding = 4; lastKnownFileType = sourcecode.swift; path = TOTPListView.swift; sourceTree = "<group>"; };
		34BD995827BBB2E500870068 /* URLExtensions.swift */ = {isa = PBXFileReference; lastKnownFileType = sourcecode.swift; path = URLExtensions.swift; sourceTree = "<group>"; };
		34BD995A27BBC96D00870068 /* CreateTOTPView.swift */ = {isa = PBXFileReference; lastKnownFileType = sourcecode.swift; path = CreateTOTPView.swift; sourceTree = "<group>"; };
/* End PBXFileReference section */

/* Begin PBXFrameworksBuildPhase section */
		34BD992C27BBB09400870068 /* Frameworks */ = {
			isa = PBXFrameworksBuildPhase;
			buildActionMask = 2147483647;
			files = (
			);
			runOnlyForDeploymentPostprocessing = 0;
		};
/* End PBXFrameworksBuildPhase section */

/* Begin PBXGroup section */
		34BD992627BBB09400870068 = {
			isa = PBXGroup;
			children = (
				34BD993127BBB09400870068 /* Autherio */,
				34BD993027BBB09400870068 /* Products */,
			);
			sourceTree = "<group>";
		};
		34BD993027BBB09400870068 /* Products */ = {
			isa = PBXGroup;
			children = (
				34BD992F27BBB09400870068 /* Autherio.app */,
			);
			name = Products;
			sourceTree = "<group>";
		};
		34BD993127BBB09400870068 /* Autherio */ = {
			isa = PBXGroup;
			children = (
				34BD995727BBB2D300870068 /* Extensions */,
				34BD994427BBB0B800870068 /* Utils */,
				34BD994327BBB0B300870068 /* Views */,
				34BD994227BBB0AB00870068 /* Models */,
				34BD994127BBB0A500870068 /* ViewModels */,
				34BD994027BBB0A000870068 /* App */,
				34BD993627BBB09600870068 /* Assets.xcassets */,
				34BD993827BBB09600870068 /* Preview Content */,
			);
			path = Autherio;
			sourceTree = "<group>";
		};
		34BD993827BBB09600870068 /* Preview Content */ = {
			isa = PBXGroup;
			children = (
				34BD993927BBB09600870068 /* Preview Assets.xcassets */,
			);
			path = "Preview Content";
			sourceTree = "<group>";
		};
		34BD994027BBB0A000870068 /* App */ = {
			isa = PBXGroup;
			children = (
				34BD994527BBB0C800870068 /* AutherioApp.swift */,
			);
			path = App;
			sourceTree = "<group>";
		};
		34BD994127BBB0A500870068 /* ViewModels */ = {
			isa = PBXGroup;
			children = (
				34BD994D27BBB0E900870068 /* TOTPListViewModel.swift */,
			);
			path = ViewModels;
			sourceTree = "<group>";
		};
		34BD994227BBB0AB00870068 /* Models */ = {
			isa = PBXGroup;
			children = (
				34BD994727BBB0D800870068 /* TOTP.swift */,
			);
			path = Models;
			sourceTree = "<group>";
		};
		34BD994327BBB0B300870068 /* Views */ = {
			isa = PBXGroup;
			children = (
				34BD995127BBB0F200870068 /* CodeScannerView.swift */,
				34BD995027BBB0F200870068 /* ContentView.swift */,
				34BD995227BBB0F200870068 /* TOTPListView.swift */,
				34BD994F27BBB0F200870068 /* TOTPView.swift */,
				34BD995A27BBC96D00870068 /* CreateTOTPView.swift */,
				3490FC2A282EAC87007A8CAC /* TOTPListItemView.swift */,
				3490FC2C282EAFA5007A8CAC /* TOTPCounterView.swift */,
				3490FC2E282EEC2C007A8CAC /* TOTPDetailsView.swift */,
			);
			path = Views;
			sourceTree = "<group>";
		};
		34BD994427BBB0B800870068 /* Utils */ = {
			isa = PBXGroup;
			children = (
				34BD994A27BBB0E000870068 /* Base32.swift */,
				34BD994927BBB0E000870068 /* QRCoder.swift */,
			);
			path = Utils;
			sourceTree = "<group>";
		};
		34BD995727BBB2D300870068 /* Extensions */ = {
			isa = PBXGroup;
			children = (
				34BD995827BBB2E500870068 /* URLExtensions.swift */,
				34AA0AEB28215CF600F9F3D7 /* ColorExtensions.swift */,
			);
			path = Extensions;
			sourceTree = "<group>";
		};
/* End PBXGroup section */

/* Begin PBXNativeTarget section */
		34BD992E27BBB09400870068 /* Autherio */ = {
			isa = PBXNativeTarget;
			buildConfigurationList = 34BD993D27BBB09600870068 /* Build configuration list for PBXNativeTarget "Autherio" */;
			buildPhases = (
				34BD992B27BBB09400870068 /* Sources */,
				34BD992C27BBB09400870068 /* Frameworks */,
				34BD992D27BBB09400870068 /* Resources */,
			);
			buildRules = (
			);
			dependencies = (
			);
			name = Autherio;
			productName = Autherio;
			productReference = 34BD992F27BBB09400870068 /* Autherio.app */;
			productType = "com.apple.product-type.application";
		};
/* End PBXNativeTarget section */

/* Begin PBXProject section */
		34BD992727BBB09400870068 /* Project object */ = {
			isa = PBXProject;
			attributes = {
				BuildIndependentTargetsInParallel = 1;
				LastSwiftUpdateCheck = 1320;
				LastUpgradeCheck = 1320;
				TargetAttributes = {
					34BD992E27BBB09400870068 = {
						CreatedOnToolsVersion = 13.2.1;
					};
				};
			};
			buildConfigurationList = 34BD992A27BBB09400870068 /* Build configuration list for PBXProject "Autherio" */;
			compatibilityVersion = "Xcode 13.0";
			developmentRegion = en;
			hasScannedForEncodings = 0;
			knownRegions = (
				en,
				Base,
			);
			mainGroup = 34BD992627BBB09400870068;
			productRefGroup = 34BD993027BBB09400870068 /* Products */;
			projectDirPath = "";
			projectRoot = "";
			targets = (
				34BD992E27BBB09400870068 /* Autherio */,
			);
		};
/* End PBXProject section */

/* Begin PBXResourcesBuildPhase section */
		34BD992D27BBB09400870068 /* Resources */ = {
			isa = PBXResourcesBuildPhase;
			buildActionMask = 2147483647;
			files = (
				34BD993A27BBB09600870068 /* Preview Assets.xcassets in Resources */,
				34BD993727BBB09600870068 /* Assets.xcassets in Resources */,
			);
			runOnlyForDeploymentPostprocessing = 0;
		};
/* End PBXResourcesBuildPhase section */

/* Begin PBXSourcesBuildPhase section */
		34BD992B27BBB09400870068 /* Sources */ = {
			isa = PBXSourcesBuildPhase;
			buildActionMask = 2147483647;
			files = (
				34BD995527BBB0F200870068 /* CodeScannerView.swift in Sources */,
				34BD995B27BBC96D00870068 /* CreateTOTPView.swift in Sources */,
				34BD994827BBB0D800870068 /* TOTP.swift in Sources */,
				3490FC2F282EEC2C007A8CAC /* TOTPDetailsView.swift in Sources */,
				34BD995627BBB0F200870068 /* TOTPListView.swift in Sources */,
				34BD994627BBB0C800870068 /* AutherioApp.swift in Sources */,
				34BD995427BBB0F200870068 /* ContentView.swift in Sources */,
				34BD994B27BBB0E000870068 /* QRCoder.swift in Sources */,
				34BD995327BBB0F200870068 /* TOTPView.swift in Sources */,
				34BD995927BBB2E500870068 /* URLExtensions.swift in Sources */,
				34BD994E27BBB0E900870068 /* TOTPListViewModel.swift in Sources */,
				3490FC2D282EAFA5007A8CAC /* TOTPCounterView.swift in Sources */,
				34BD994C27BBB0E000870068 /* Base32.swift in Sources */,
				3490FC2B282EAC87007A8CAC /* TOTPListItemView.swift in Sources */,
				34AA0AEC28215CF600F9F3D7 /* ColorExtensions.swift in Sources */,
			);
			runOnlyForDeploymentPostprocessing = 0;
		};
/* End PBXSourcesBuildPhase section */

/* Begin XCBuildConfiguration section */
		34BD993B27BBB09600870068 /* Debug */ = {
			isa = XCBuildConfiguration;
			buildSettings = {
				ALWAYS_SEARCH_USER_PATHS = NO;
				CLANG_ANALYZER_NONNULL = YES;
				CLANG_ANALYZER_NUMBER_OBJECT_CONVERSION = YES_AGGRESSIVE;
				CLANG_CXX_LANGUAGE_STANDARD = "gnu++17";
				CLANG_CXX_LIBRARY = "libc++";
				CLANG_ENABLE_MODULES = YES;
				CLANG_ENABLE_OBJC_ARC = YES;
				CLANG_ENABLE_OBJC_WEAK = YES;
				CLANG_WARN_BLOCK_CAPTURE_AUTORELEASING = YES;
				CLANG_WARN_BOOL_CONVERSION = YES;
				CLANG_WARN_COMMA = YES;
				CLANG_WARN_CONSTANT_CONVERSION = YES;
				CLANG_WARN_DEPRECATED_OBJC_IMPLEMENTATIONS = YES;
				CLANG_WARN_DIRECT_OBJC_ISA_USAGE = YES_ERROR;
				CLANG_WARN_DOCUMENTATION_COMMENTS = YES;
				CLANG_WARN_EMPTY_BODY = YES;
				CLANG_WARN_ENUM_CONVERSION = YES;
				CLANG_WARN_INFINITE_RECURSION = YES;
				CLANG_WARN_INT_CONVERSION = YES;
				CLANG_WARN_NON_LITERAL_NULL_CONVERSION = YES;
				CLANG_WARN_OBJC_IMPLICIT_RETAIN_SELF = YES;
				CLANG_WARN_OBJC_LITERAL_CONVERSION = YES;
				CLANG_WARN_OBJC_ROOT_CLASS = YES_ERROR;
				CLANG_WARN_QUOTED_INCLUDE_IN_FRAMEWORK_HEADER = YES;
				CLANG_WARN_RANGE_LOOP_ANALYSIS = YES;
				CLANG_WARN_STRICT_PROTOTYPES = YES;
				CLANG_WARN_SUSPICIOUS_MOVE = YES;
				CLANG_WARN_UNGUARDED_AVAILABILITY = YES_AGGRESSIVE;
				CLANG_WARN_UNREACHABLE_CODE = YES;
				CLANG_WARN__DUPLICATE_METHOD_MATCH = YES;
				COPY_PHASE_STRIP = NO;
				DEBUG_INFORMATION_FORMAT = dwarf;
				ENABLE_STRICT_OBJC_MSGSEND = YES;
				ENABLE_TESTABILITY = YES;
				GCC_C_LANGUAGE_STANDARD = gnu11;
				GCC_DYNAMIC_NO_PIC = NO;
				GCC_NO_COMMON_BLOCKS = YES;
				GCC_OPTIMIZATION_LEVEL = 0;
				GCC_PREPROCESSOR_DEFINITIONS = (
					"DEBUG=1",
					"$(inherited)",
				);
				GCC_WARN_64_TO_32_BIT_CONVERSION = YES;
				GCC_WARN_ABOUT_RETURN_TYPE = YES_ERROR;
				GCC_WARN_UNDECLARED_SELECTOR = YES;
				GCC_WARN_UNINITIALIZED_AUTOS = YES_AGGRESSIVE;
				GCC_WARN_UNUSED_FUNCTION = YES;
				GCC_WARN_UNUSED_VARIABLE = YES;
				IPHONEOS_DEPLOYMENT_TARGET = 15.2;
				MTL_ENABLE_DEBUG_INFO = INCLUDE_SOURCE;
				MTL_FAST_MATH = YES;
				ONLY_ACTIVE_ARCH = YES;
				SDKROOT = iphoneos;
				SWIFT_ACTIVE_COMPILATION_CONDITIONS = DEBUG;
				SWIFT_OPTIMIZATION_LEVEL = "-Onone";
			};
			name = Debug;
		};
		34BD993C27BBB09600870068 /* Release */ = {
			isa = XCBuildConfiguration;
			buildSettings = {
				ALWAYS_SEARCH_USER_PATHS = NO;
				CLANG_ANALYZER_NONNULL = YES;
				CLANG_ANALYZER_NUMBER_OBJECT_CONVERSION = YES_AGGRESSIVE;
				CLANG_CXX_LANGUAGE_STANDARD = "gnu++17";
				CLANG_CXX_LIBRARY = "libc++";
				CLANG_ENABLE_MODULES = YES;
				CLANG_ENABLE_OBJC_ARC = YES;
				CLANG_ENABLE_OBJC_WEAK = YES;
				CLANG_WARN_BLOCK_CAPTURE_AUTORELEASING = YES;
				CLANG_WARN_BOOL_CONVERSION = YES;
				CLANG_WARN_COMMA = YES;
				CLANG_WARN_CONSTANT_CONVERSION = YES;
				CLANG_WARN_DEPRECATED_OBJC_IMPLEMENTATIONS = YES;
				CLANG_WARN_DIRECT_OBJC_ISA_USAGE = YES_ERROR;
				CLANG_WARN_DOCUMENTATION_COMMENTS = YES;
				CLANG_WARN_EMPTY_BODY = YES;
				CLANG_WARN_ENUM_CONVERSION = YES;
				CLANG_WARN_INFINITE_RECURSION = YES;
				CLANG_WARN_INT_CONVERSION = YES;
				CLANG_WARN_NON_LITERAL_NULL_CONVERSION = YES;
				CLANG_WARN_OBJC_IMPLICIT_RETAIN_SELF = YES;
				CLANG_WARN_OBJC_LITERAL_CONVERSION = YES;
				CLANG_WARN_OBJC_ROOT_CLASS = YES_ERROR;
				CLANG_WARN_QUOTED_INCLUDE_IN_FRAMEWORK_HEADER = YES;
				CLANG_WARN_RANGE_LOOP_ANALYSIS = YES;
				CLANG_WARN_STRICT_PROTOTYPES = YES;
				CLANG_WARN_SUSPICIOUS_MOVE = YES;
				CLANG_WARN_UNGUARDED_AVAILABILITY = YES_AGGRESSIVE;
				CLANG_WARN_UNREACHABLE_CODE = YES;
				CLANG_WARN__DUPLICATE_METHOD_MATCH = YES;
				COPY_PHASE_STRIP = NO;
				DEBUG_INFORMATION_FORMAT = "dwarf-with-dsym";
				ENABLE_NS_ASSERTIONS = NO;
				ENABLE_STRICT_OBJC_MSGSEND = YES;
				GCC_C_LANGUAGE_STANDARD = gnu11;
				GCC_NO_COMMON_BLOCKS = YES;
				GCC_WARN_64_TO_32_BIT_CONVERSION = YES;
				GCC_WARN_ABOUT_RETURN_TYPE = YES_ERROR;
				GCC_WARN_UNDECLARED_SELECTOR = YES;
				GCC_WARN_UNINITIALIZED_AUTOS = YES_AGGRESSIVE;
				GCC_WARN_UNUSED_FUNCTION = YES;
				GCC_WARN_UNUSED_VARIABLE = YES;
				IPHONEOS_DEPLOYMENT_TARGET = 15.2;
				MTL_ENABLE_DEBUG_INFO = NO;
				MTL_FAST_MATH = YES;
				SDKROOT = iphoneos;
				SWIFT_COMPILATION_MODE = wholemodule;
				SWIFT_OPTIMIZATION_LEVEL = "-O";
				VALIDATE_PRODUCT = YES;
			};
			name = Release;
		};
		34BD993E27BBB09600870068 /* Debug */ = {
			isa = XCBuildConfiguration;
			buildSettings = {
				ASSETCATALOG_COMPILER_APPICON_NAME = AppIcon;
				ASSETCATALOG_COMPILER_GLOBAL_ACCENT_COLOR_NAME = AccentColor;
				CODE_SIGN_STYLE = Automatic;
				CURRENT_PROJECT_VERSION = 1;
				DEVELOPMENT_ASSET_PATHS = "\"Autherio/Preview Content\"";
				DEVELOPMENT_TEAM = 9474P7K7Z8;
				ENABLE_PREVIEWS = YES;
				GENERATE_INFOPLIST_FILE = YES;
				INFOPLIST_KEY_UIApplicationSceneManifest_Generation = YES;
				INFOPLIST_KEY_UIApplicationSupportsIndirectInputEvents = YES;
				INFOPLIST_KEY_UILaunchScreen_Generation = YES;
				INFOPLIST_KEY_UISupportedInterfaceOrientations = UIInterfaceOrientationPortrait;
				INFOPLIST_KEY_UISupportedInterfaceOrientations_iPad = "UIInterfaceOrientationPortrait UIInterfaceOrientationPortraitUpsideDown UIInterfaceOrientationLandscapeLeft UIInterfaceOrientationLandscapeRight";
				INFOPLIST_KEY_UISupportedInterfaceOrientations_iPhone = "UIInterfaceOrientationPortrait UIInterfaceOrientationLandscapeLeft UIInterfaceOrientationLandscapeRight";
				LD_RUNPATH_SEARCH_PATHS = (
					"$(inherited)",
					"@executable_path/Frameworks",
				);
				MARKETING_VERSION = 1.0;
				PRODUCT_BUNDLE_IDENTIFIER = kamilkoziol.Autherio;
				PRODUCT_NAME = "$(TARGET_NAME)";
				SWIFT_EMIT_LOC_STRINGS = YES;
				SWIFT_VERSION = 5.0;
				TARGETED_DEVICE_FAMILY = "1,2";
			};
			name = Debug;
		};
		34BD993F27BBB09600870068 /* Release */ = {
			isa = XCBuildConfiguration;
			buildSettings = {
				ASSETCATALOG_COMPILER_APPICON_NAME = AppIcon;
				ASSETCATALOG_COMPILER_GLOBAL_ACCENT_COLOR_NAME = AccentColor;
				CODE_SIGN_STYLE = Automatic;
				CURRENT_PROJECT_VERSION = 1;
				DEVELOPMENT_ASSET_PATHS = "\"Autherio/Preview Content\"";
				DEVELOPMENT_TEAM = 9474P7K7Z8;
				ENABLE_PREVIEWS = YES;
				GENERATE_INFOPLIST_FILE = YES;
				INFOPLIST_KEY_UIApplicationSceneManifest_Generation = YES;
				INFOPLIST_KEY_UIApplicationSupportsIndirectInputEvents = YES;
				INFOPLIST_KEY_UILaunchScreen_Generation = YES;
				INFOPLIST_KEY_UISupportedInterfaceOrientations = UIInterfaceOrientationPortrait;
				INFOPLIST_KEY_UISupportedInterfaceOrientations_iPad = "UIInterfaceOrientationPortrait UIInterfaceOrientationPortraitUpsideDown UIInterfaceOrientationLandscapeLeft UIInterfaceOrientationLandscapeRight";
				INFOPLIST_KEY_UISupportedInterfaceOrientations_iPhone = "UIInterfaceOrientationPortrait UIInterfaceOrientationLandscapeLeft UIInterfaceOrientationLandscapeRight";
				LD_RUNPATH_SEARCH_PATHS = (
					"$(inherited)",
					"@executable_path/Frameworks",
				);
				MARKETING_VERSION = 1.0;
				PRODUCT_BUNDLE_IDENTIFIER = kamilkoziol.Autherio;
				PRODUCT_NAME = "$(TARGET_NAME)";
				SWIFT_EMIT_LOC_STRINGS = YES;
				SWIFT_VERSION = 5.0;
				TARGETED_DEVICE_FAMILY = "1,2";
			};
			name = Release;
		};
/* End XCBuildConfiguration section */

/* Begin XCConfigurationList section */
		34BD992A27BBB09400870068 /* Build configuration list for PBXProject "Autherio" */ = {
			isa = XCConfigurationList;
			buildConfigurations = (
				34BD993B27BBB09600870068 /* Debug */,
				34BD993C27BBB09600870068 /* Release */,
			);
			defaultConfigurationIsVisible = 0;
			defaultConfigurationName = Release;
		};
		34BD993D27BBB09600870068 /* Build configuration list for PBXNativeTarget "Autherio" */ = {
			isa = XCConfigurationList;
			buildConfigurations = (
				34BD993E27BBB09600870068 /* Debug */,
				34BD993F27BBB09600870068 /* Release */,
			);
			defaultConfigurationIsVisible = 0;
			defaultConfigurationName = Release;
		};
/* End XCConfigurationList section */
	};
	rootObject = 34BD992727BBB09400870068 /* Project object */;
}
